<?xml version="1.0" encoding="utf-8"?>
<Project ToolsVersion="4.0" xmlns="http://schemas.microsoft.com/developer/msbuild/2003">
  <ItemGroup>
    <Filter Include="Source Files">
      <UniqueIdentifier>{4FC737F1-C7A5-4376-A066-2A32D752A2FF}</UniqueIdentifier>
      <Extensions>cpp;c;cc;cxx;c++;cppm;ixx;def;odl;idl;hpj;bat;asm;asmx</Extensions>
    </Filter>
    <Filter Include="Header Files">
      <UniqueIdentifier>{93995380-89BD-4b04-88EB-625FBE52EBFB}</UniqueIdentifier>
      <Extensions>h;hh;hpp;hxx;h++;hm;inl;inc;ipp;xsd</Extensions>
    </Filter>
    <Filter Include="Resource Files">
      <UniqueIdentifier>{67DA6AB6-F800-4c08-8B7A-83BB121AAD01}</UniqueIdentifier>
      <Extensions>rc;ico;cur;bmp;dlg;rc2;rct;bin;rgs;gif;jpg;jpeg;jpe;resx;tiff;tif;png;wav;mfcribbon-ms</Extensions>
    </Filter>
  </ItemGroup>
  <ItemGroup>
    <ClCompile Include="src\main.cpp">
      <Filter>Source Files</Filter>
    </ClCompile>
    <ClCompile Include="src\core\logger.cpp">
      <Filter>Source Files</Filter>
    </ClCompile>
    <ClCompile Include="src\core\time.cpp">
      <Filter>Source Files</Filter>
    </ClCompile>
    <ClCompile Include="src\core\window.cpp">
      <Filter>Source Files</Filter>
    </ClCompile>
    <ClCompile Include="src\core\engine.cpp">
      <Filter>Source Files</Filter>
    </ClCompile>
    <ClCompile Include="src\scene\camera.cpp">
      <Filter>Source Files</Filter>
    </ClCompile>
    <ClCompile Include="src\scene\scene.cpp">
      <Filter>Source Files</Filter>
    </ClCompile>
    <ClCompile Include="src\scene\sceneManager.cpp">
      <Filter>Source Files</Filter>
    </ClCompile>
    <ClCompile Include="src\renderer\resources\shader.cpp">
      <Filter>Source Files</Filter>
    </ClCompile>
    <ClCompile Include="src\renderer\core\context.cpp">
      <Filter>Source Files</Filter>
    </ClCompile>
    <ClCompile Include="src\renderer\postprocess\fxaa.cpp">
      <Filter>Source Files</Filter>
    </ClCompile>
    <ClCompile Include="src\renderer\postprocess\bloom.cpp">
      <Filter>Source Files</Filter>
    </ClCompile>
    <ClCompile Include="src\renderer\postprocess\ssao.cpp">
      <Filter>Source Files</Filter>
    </ClCompile>
    <ClCompile Include="src\renderer\core\vao.cpp">
      <Filter>Source Files</Filter>
    </ClCompile>
    <ClCompile Include="src\renderer\core\fbo.cpp">
      <Filter>Source Files</Filter>
    </ClCompile>
    <ClCompile Include="src\renderer\postprocess\blur.cpp">
      <Filter>Source Files</Filter>
    </ClCompile>
    <ClCompile Include="src\renderer\resources\texture.cpp">
      <Filter>Source Files</Filter>
    </ClCompile>
    <ClCompile Include="src\renderer\resources\textureAtlas.cpp">
      <Filter>Source Files</Filter>
    </ClCompile>
    <ClCompile Include="src\renderer\resources\shaderPrimatives.cpp">
      <Filter>Source Files</Filter>
    </ClCompile>
    <ClCompile Include="src\scene\lighting\shadowMap.cpp">
      <Filter>Source Files</Filter>
    </ClCompile>
    <ClCompile Include="src\scene\lighting\shadowCamera.cpp">
      <Filter>Source Files</Filter>
    </ClCompile>
    <ClCompile Include="src\renderer\resources\loaders\shaderLoader.cpp">
      <Filter>Source Files</Filter>
    </ClCompile>
    <ClCompile Include="src\renderer\resources\loaders\textureLoader.cpp">
      <Filter>Source Files</Filter>
    </ClCompile>
    <ClCompile Include="src\renderer\core\gBuffer.cpp">
      <Filter>Source Files</Filter>
    </ClCompile>
    <ClCompile Include="src\renderer\resources\cubemap.cpp">
      <Filter>Source Files</Filter>
    </ClCompile>
    <ClCompile Include="src\renderer\registers\textureRegistry.cpp">
      <Filter>Source Files</Filter>
    </ClCompile>
    <ClCompile Include="src\renderer\registers\lightRegistry.cpp">
      <Filter>Source Files</Filter>
    </ClCompile>
    <ClCompile Include="src\input\inputManager.cpp">
      <Filter>Source Files</Filter>
    </ClCompile>
    <ClCompile Include="src\core\gui.cpp">
      <Filter>Source Files</Filter>
    </ClCompile>
    <ClCompile Include="src\scene\model.cpp">
      <Filter>Source Files</Filter>
    </ClCompile>
    <ClCompile Include="src\scene\mesh.cpp">
      <Filter>Source Files</Filter>
    </ClCompile>
    <ClCompile Include="src\input\cameraController.cpp">
      <Filter>Source Files</Filter>
    </ClCompile>
    <ClCompile Include="src\renderer\postprocess\ibl.cpp">
      <Filter>Source Files</Filter>
    </ClCompile>
    <ClCompile Include="src\scene\lighting\light.cpp">
      <Filter>Source Files</Filter>
    </ClCompile>
    <ClCompile Include="src\scene\lighting\directionalLight.cpp">
      <Filter>Source Files</Filter>
    </ClCompile>
    <ClCompile Include="src\scene\lighting\pointLight.cpp">
      <Filter>Source Files</Filter>
    </ClCompile>
    <ClCompile Include="src\scene\lighting\spotLight.cpp">
      <Filter>Source Files</Filter>
    </ClCompile>
    <ClCompile Include="src\scene\meshPrimatives.cpp">
      <Filter>Source Files</Filter>
    </ClCompile>
  </ItemGroup>
  <ItemGroup>
    <ClInclude Include="src\platform\platform.hpp">
      <Filter>Header Files</Filter>
    </ClInclude>
    <ClInclude Include="src\core\logger.hpp">
      <Filter>Header Files</Filter>
    </ClInclude>
    <ClInclude Include="src\core\time.hpp">
      <Filter>Header Files</Filter>
    </ClInclude>
    <ClInclude Include="src\core\window.hpp">
      <Filter>Header Files</Filter>
    </ClInclude>
    <ClInclude Include="src\core\engine.hpp">
      <Filter>Header Files</Filter>
    </ClInclude>
    <ClInclude Include="src\scene\camera.hpp">
      <Filter>Header Files</Filter>
    </ClInclude>
    <ClInclude Include="src\scene\scene.hpp">
      <Filter>Header Files</Filter>
    </ClInclude>
    <ClInclude Include="src\scene\sceneManager.hpp">
      <Filter>Header Files</Filter>
    </ClInclude>
    <ClInclude Include="src\platform\consoleColor.hpp">
      <Filter>Header Files</Filter>
    </ClInclude>
    <ClInclude Include="src\renderer\interfaces\UniformSource.hpp">
      <Filter>Header Files</Filter>
    </ClInclude>
    <ClInclude Include="src\renderer\resources\shader.hpp">
      <Filter>Header Files</Filter>
    </ClInclude>
    <ClInclude Include="src\renderer\core\context.hpp">
      <Filter>Header Files</Filter>
    </ClInclude>
    <ClInclude Include="src\utilities\constants.hpp">
      <Filter>Header Files</Filter>
    </ClInclude>
    <ClInclude Include="src\renderer\postprocess\fxaa.hpp">
      <Filter>Header Files</Filter>
    </ClInclude>
    <ClInclude Include="src\renderer\postprocess\bloom.hpp">
      <Filter>Header Files</Filter>
    </ClInclude>
    <ClInclude Include="src\renderer\postprocess\ssao.hpp">
      <Filter>Header Files</Filter>
    </ClInclude>
    <ClInclude Include="src\renderer\core\vao.hpp">
      <Filter>Header Files</Filter>
    </ClInclude>
    <ClInclude Include="src\renderer\core\fbo.hpp">
      <Filter>Header Files</Filter>
    </ClInclude>
    <ClInclude Include="src\renderer\postprocess\blur.hpp">
      <Filter>Header Files</Filter>
    </ClInclude>
    <ClInclude Include="src\utilities\random.hpp">
      <Filter>Header Files</Filter>
    </ClInclude>
    <ClInclude Include="src\renderer\resources\texture.hpp">
      <Filter>Header Files</Filter>
    </ClInclude>
    <ClInclude Include="src\renderer\resources\textureAtlas.hpp">
      <Filter>Header Files</Filter>
    </ClInclude>
    <ClInclude Include="src\renderer\resources\shaderPrimatives.h">
      <Filter>Header Files</Filter>
    </ClInclude>
    <ClInclude Include="src\scene\lighting\shadowMap.hpp">
      <Filter>Header Files</Filter>
    </ClInclude>
    <ClInclude Include="src\scene\lighting\shadowCamera.hpp">
      <Filter>Header Files</Filter>
    </ClInclude>
    <ClInclude Include="src\core\gui.hpp">
      <Filter>Header Files</Filter>
    </ClInclude>
    <ClInclude Include="src\renderer\resources\loaders\shaderLoader.hpp">
      <Filter>Header Files</Filter>
    </ClInclude>
    <ClInclude Include="src\renderer\resources\loaders\textureLoader.h">
      <Filter>Header Files</Filter>
    </ClInclude>
    <ClInclude Include="src\renderer\core\gBuffer.hpp">
      <Filter>Header Files</Filter>
    </ClInclude>
    <ClInclude Include="src\renderer\resources\cubemap.hpp">
      <Filter>Header Files</Filter>
    </ClInclude>
    <ClInclude Include="src\renderer\registers\textureRegistry.h">
      <Filter>Header Files</Filter>
    </ClInclude>
    <ClInclude Include="src\renderer\registers\lightRegistry.hpp">
      <Filter>Header Files</Filter>
    </ClInclude>
    <ClInclude Include="src\input\inputManager.hpp">
      <Filter>Header Files</Filter>
    </ClInclude>
    <ClInclude Include="src\renderer\interfaces\ViewSource.hpp">
      <Filter>Header Files</Filter>
    </ClInclude>
    <ClInclude Include="src\scene\model.h">
      <Filter>Header Files</Filter>
    </ClInclude>
    <ClInclude Include="src\scene\mesh.hpp">
      <Filter>Header Files</Filter>
    </ClInclude>
    <ClInclude Include="src\input\cameraController.hpp">
      <Filter>Header Files</Filter>
    </ClInclude>
    <ClInclude Include="src\renderer\postprocess\ibl.h">
      <Filter>Header Files</Filter>
    </ClInclude>
    <ClInclude Include="src\scene\lighting\light.hpp">
      <Filter>Header Files</Filter>
    </ClInclude>
    <ClInclude Include="src\scene\lighting\directionalLight.hpp">
      <Filter>Header Files</Filter>
    </ClInclude>
    <ClInclude Include="src\scene\lighting\pointLight.hpp">
      <Filter>Header Files</Filter>
    </ClInclude>
    <ClInclude Include="src\scene\lighting\spotLight.hpp">
      <Filter>Header Files</Filter>
    </ClInclude>
    <ClInclude Include="src\scene\meshPrimatives.hpp">
      <Filter>Header Files</Filter>
    </ClInclude>
    <ClInclude Include="src\renderer\interfaces\shaderSource.hpp">
      <Filter>Header Files</Filter>
    </ClInclude>
  </ItemGroup>
  <ItemGroup>
    <Text Include="content\scenes\Intel_Sponza.json" />
  </ItemGroup>
</Project>